
Microsoft Visual Studio Solution File, Format Version 12.00
# Visual Studio Version 17
VisualStudioVersion = 17.10.35027.167
MinimumVisualStudioVersion = 10.0.40219.1
Project("{FAE04EC0-301F-11D3-BF4B-00C04F79EFBC}") = "VerificaGit", "VerificaGit\VerificaGit.csproj", "{3AF146A1-A059-486F-9EF7-1E35C88D11BE}"
EndProject
Global
	GlobalSection(SolutionConfigurationPlatforms) = preSolution
		Debug|Any CPU = Debug|Any CPU
		Release|Any CPU = Release|Any CPU
	EndGlobalSection
	GlobalSection(ProjectConfigurationPlatforms) = postSolution
		{3AF146A1-A059-486F-9EF7-1E35C88D11BE}.Debug|Any CPU.ActiveCfg = Debug|Any CPU
		{3AF146A1-A059-486F-9EF7-1E35C88D11BE}.Debug|Any CPU.Build.0 = Debug|Any CPU
		{3AF146A1-A059-486F-9EF7-1E35C88D11BE}.Release|Any CPU.ActiveCfg = Release|Any CPU
		{3AF146A1-A059-486F-9EF7-1E35C88D11BE}.Release|Any CPU.Build.0 = Release|Any CPU
	EndGlobalSection
	GlobalSection(SolutionProperties) = preSolution
		HideSolutionNode = FALSE
	EndGlobalSection
	GlobalSection(ExtensibilityGlobals) = postSolution
		SolutionGuid = {D3446AF4-62EC-4EB1-AE41-287002A65A42}
	EndGlobalSection
EndGlobal
